
Microsoft Visual Studio Solution File, Format Version 12.00
# Visual Studio 14
VisualStudioVersion = 14.0.25123.0
MinimumVisualStudioVersion = 10.0.40219.1
Project("{FAE04EC0-301F-11D3-BF4B-00C04F79EFBC}") = "Syntheseopdracht2.Model", "Syntheseopdracht2.Model\Syntheseopdracht2.Model.csproj", "{73CEB0BA-EB42-49A1-93D6-75F1BE776A9D}"
EndProject
Project("{FAE04EC0-301F-11D3-BF4B-00C04F79EFBC}") = "Syntheseopdracht2.DA", "Syntheseopdracht2.DA\Syntheseopdracht2.DA.csproj", "{551A1C0A-EA10-4533-80AE-4FF33871E873}"
EndProject
Project("{FAE04EC0-301F-11D3-BF4B-00C04F79EFBC}") = "Syntheseopdracht2.BL", "Syntheseopdracht2.BL\Syntheseopdracht2.BL.csproj", "{4E29F3B3-AAB0-43D6-BA0B-171EA1616EB8}"
EndProject
Project("{FAE04EC0-301F-11D3-BF4B-00C04F79EFBC}") = "Syntheseopdracht2.UI", "Syntheseopdracht2.UI\Syntheseopdracht2.UI.csproj", "{D164F662-BB56-4D23-9943-33FA3EF7D9C9}"
EndProject
Project("{FAE04EC0-301F-11D3-BF4B-00C04F79EFBC}") = "SyntheseOpdracht2.MVC", "SyntheseOpdracht2.MVC\SyntheseOpdracht2.MVC.csproj", "{8C14C0A4-328A-40C0-9FE8-1B3176BB2DE3}"
EndProject
Global
	GlobalSection(SolutionConfigurationPlatforms) = preSolution
		Debug|Any CPU = Debug|Any CPU
		Release|Any CPU = Release|Any CPU
	EndGlobalSection
	GlobalSection(ProjectConfigurationPlatforms) = postSolution
		{73CEB0BA-EB42-49A1-93D6-75F1BE776A9D}.Debug|Any CPU.ActiveCfg = Debug|Any CPU
		{73CEB0BA-EB42-49A1-93D6-75F1BE776A9D}.Debug|Any CPU.Build.0 = Debug|Any CPU
		{73CEB0BA-EB42-49A1-93D6-75F1BE776A9D}.Release|Any CPU.ActiveCfg = Release|Any CPU
		{73CEB0BA-EB42-49A1-93D6-75F1BE776A9D}.Release|Any CPU.Build.0 = Release|Any CPU
		{551A1C0A-EA10-4533-80AE-4FF33871E873}.Debug|Any CPU.ActiveCfg = Debug|Any CPU
		{551A1C0A-EA10-4533-80AE-4FF33871E873}.Debug|Any CPU.Build.0 = Debug|Any CPU
		{551A1C0A-EA10-4533-80AE-4FF33871E873}.Release|Any CPU.ActiveCfg = Release|Any CPU
		{551A1C0A-EA10-4533-80AE-4FF33871E873}.Release|Any CPU.Build.0 = Release|Any CPU
		{4E29F3B3-AAB0-43D6-BA0B-171EA1616EB8}.Debug|Any CPU.ActiveCfg = Debug|Any CPU
		{4E29F3B3-AAB0-43D6-BA0B-171EA1616EB8}.Debug|Any CPU.Build.0 = Debug|Any CPU
		{4E29F3B3-AAB0-43D6-BA0B-171EA1616EB8}.Release|Any CPU.ActiveCfg = Release|Any CPU
		{4E29F3B3-AAB0-43D6-BA0B-171EA1616EB8}.Release|Any CPU.Build.0 = Release|Any CPU
		{D164F662-BB56-4D23-9943-33FA3EF7D9C9}.Debug|Any CPU.ActiveCfg = Debug|Any CPU
		{D164F662-BB56-4D23-9943-33FA3EF7D9C9}.Debug|Any CPU.Build.0 = Debug|Any CPU
		{D164F662-BB56-4D23-9943-33FA3EF7D9C9}.Release|Any CPU.ActiveCfg = Release|Any CPU
		{D164F662-BB56-4D23-9943-33FA3EF7D9C9}.Release|Any CPU.Build.0 = Release|Any CPU
		{8C14C0A4-328A-40C0-9FE8-1B3176BB2DE3}.Debug|Any CPU.ActiveCfg = Debug|Any CPU
		{8C14C0A4-328A-40C0-9FE8-1B3176BB2DE3}.Debug|Any CPU.Build.0 = Debug|Any CPU
		{8C14C0A4-328A-40C0-9FE8-1B3176BB2DE3}.Release|Any CPU.ActiveCfg = Release|Any CPU
		{8C14C0A4-328A-40C0-9FE8-1B3176BB2DE3}.Release|Any CPU.Build.0 = Release|Any CPU
	EndGlobalSection
	GlobalSection(SolutionProperties) = preSolution
		HideSolutionNode = FALSE
	EndGlobalSection
EndGlobal
